
Microsoft Visual Studio Solution File, Format Version 12.00
# Visual Studio Version 16
VisualStudioVersion = 16.0.28729.10
MinimumVisualStudioVersion = 10.0.40219.1
Project("{FAE04EC0-301F-11D3-BF4B-00C04F79EFBC}") = "BCC Wifi Scraper", "BCC Wifi Scraper\BCC Wifi Scraper.csproj", "{6BA2AC18-2DDC-4D32-B759-FB395E127791}"
EndProject
Global
	GlobalSection(SolutionConfigurationPlatforms) = preSolution
		Debug|Any CPU = Debug|Any CPU
		Release|Any CPU = Release|Any CPU
	EndGlobalSection
	GlobalSection(ProjectConfigurationPlatforms) = postSolution
		{6BA2AC18-2DDC-4D32-B759-FB395E127791}.Debug|Any CPU.ActiveCfg = Debug|Any CPU
		{6BA2AC18-2DDC-4D32-B759-FB395E127791}.Debug|Any CPU.Build.0 = Debug|Any CPU
		{6BA2AC18-2DDC-4D32-B759-FB395E127791}.Release|Any CPU.ActiveCfg = Release|Any CPU
		{6BA2AC18-2DDC-4D32-B759-FB395E127791}.Release|Any CPU.Build.0 = Release|Any CPU
	EndGlobalSection
	GlobalSection(SolutionProperties) = preSolution
		HideSolutionNode = FALSE
	EndGlobalSection
	GlobalSection(ExtensibilityGlobals) = postSolution
		SolutionGuid = {29C3DA7B-FA68-46D7-90C6-8B885D73CCF1}
	EndGlobalSection
EndGlobal
